{
  "Packages": {
    "BH": {
      "Package": "BH",
      "Version": "1.84.0-0",
      "Repository": "RSPM",
      "Hash": "a8235afbcd6316e6e91433ea47661013"
    },
    "gargle": {
      "Package": "gargle",
      "Version": "1.5.2",
      "Repository": "RSPM",
      "Requirements": [
        "R",
        "cli",
        "fs",
        "glue",
        "httr",
        "jsonlite",
        "lifecycle",
        "openssl",
        "rappdirs",
        "rlang",
        "stats",
        "utils",
        "withr"
      ],
      "Hash": "fc0b272e5847c58cd5da9b20eedbd026"
    },
    "generics": {
      "Package": "generics",
      "Version": "0.1.3",
      "Repository": "RSPM",
      "Requirements": [
        "R",
        "methods"
      ],
      "Hash": "15e9634c0fcd294799e9b2e929ed1b86"
    },
    "geoR": {
      "Package": "geoR",
      "Version": "1.9-4",
      "Repository": "RSPM",
      "Requirements": [
        "MASS",
        "R",
        "graphics",
        "methods",
        "sp",
        "splancs",
        "stats",
        "tcltk"
      ],
      "Hash": "4a4e671d0233df8f401817e565accbb8"
    },
    "geojsonsf": {
      "Package": "geojsonsf",
      "Version": "2.0.3",
      "Repository": "RSPM",
      "Requirements": [
        "R",
        "Rcpp",
        "geometries",
        "jsonify",
        "rapidjsonr",
        "sfheaders"
      ],
      "Hash": "8d077646c6713838233e8710910ef92e"
    },
    "htmlwidgets": {
      "Package": "htmlwidgets",
      "Version": "1.6.4",
      "Repository": "RSPM",
      "Requirements": [
        "grDevices",
        "htmltools",
        "jsonlite",
        "knitr",
        "rmarkdown",
        "yaml"
      ],
      "Hash": "04291cc45198225444a397606810ac37"
    },
    "httpgd": {
      "Package": "httpgd",
      "Version": "2.0.2",
      "Repository": "RSPM",
      "Requirements": [
        "AsioHeaders",
        "R",
        "cpp11",
        "unigd"
      ],
      "Hash": "c30fb41ccc97f7797735633dccb9fcae"
    },
    "httpuv": {
      "Package": "httpuv",
      "Version": "1.6.15",
      "Repository": "RSPM",
      "Requirements": [
        "R",
        "R6",
        "Rcpp",
        "later",
        "promises",
        "utils"
      ],
      "Hash": "d55aa087c47a63ead0f6fc10f8fa1ee0"
    },
    "styler": {
      "Package": "styler",
      "Version": "1.10.3",
      "Repository": "RSPM",
      "Requirements": [
        "R",
        "R.cache",
        "cli",
        "magrittr",
        "purrr",
        "rlang",
        "rprojroot",
        "tools",
        "vctrs",
        "withr"
      ],
      "Hash": "93a2b1beac2437bdcc4724f8bf867e2c"
    },
    "survival": {
      "Package": "survival",
      "Version": "3.6-4",
      "Repository": "CRAN",
      "Requirements": [
        "Matrix",
        "R",
        "graphics",
        "methods",
        "splines",
        "stats",
        "utils"
      ],
      "Hash": "e6e3071f471513e4b85f98ca041303c7"
    },
    "svglite": {
      "Package": "svglite",
      "Version": "2.1.3",
      "Repository": "RSPM",
      "Requirements": [
        "R",
        "cpp11",
        "systemfonts"
      ],
      "Hash": "124a41fdfa23e8691cb744c762f10516"
    },
    "webshot": {
      "Package": "webshot",
      "Version": "0.5.5",
      "Repository": "RSPM",
      "Requirements": [
        "R",
        "callr",
        "jsonlite",
        "magrittr"
      ],
      "Hash": "16858ee1aba97f902d24049d4a44ef16"
    },
    "whisker": {
      "Package": "whisker",
      "Version": "0.4.1",
      "Repository": "RSPM",
      "Hash": "c6abfa47a46d281a7d5159d0a8891e88"
    },
    "whoami": {
      "Package": "whoami",
      "Version": "1.3.0",
      "Repository": "RSPM",
      "Requirements": [
        "httr",
        "jsonlite",
        "utils"
      ],
      "Hash": "ef0f4d9b8f2cc2ebeccae1d725b8a023"
    },
    "widgetframe": {
      "Package": "widgetframe",
      "Version": "0.3.1",
      "Repository": "RSPM",
      "Requirements": [
        "R",
        "htmltools",
        "htmlwidgets",
        "magrittr",
        "purrr",
        "tools",
        "utils"
      ],
      "Hash": "0ee89e6cb58182d39b30a5b506e04808"
    },
    "zoo": {
      "Package": "zoo",
      "Version": "1.8-12",
      "Repository": "RSPM",
      "Requirements": [
        "R",
        "grDevices",
        "graphics",
        "lattice",
        "stats",
        "utils"
      ],
      "Hash": "5c715954112b45499fb1dadc6ee6ee3e"
    }
  }
}
